// !$*UTF8*$!
{
	archiveVersion = 1;
	classes = {
	};
	objectVersion = 46;
	objects = {

/* Begin PBXBuildFile section */
		7F12A69D1C436DED00E0AA13 /* AppDelegate.swift in Sources */ = {isa = PBXBuildFile; fileRef = 7F12A69C1C436DED00E0AA13 /* AppDelegate.swift */; };
		7F12A69F1C436DED00E0AA13 /* ViewController.swift in Sources */ = {isa = PBXBuildFile; fileRef = 7F12A69E1C436DED00E0AA13 /* ViewController.swift */; };
		7F12A6A21C436DED00E0AA13 /* Main.storyboard in Resources */ = {isa = PBXBuildFile; fileRef = 7F12A6A01C436DED00E0AA13 /* Main.storyboard */; };
		7F12A6A41C436DED00E0AA13 /* Assets.xcassets in Resources */ = {isa = PBXBuildFile; fileRef = 7F12A6A31C436DED00E0AA13 /* Assets.xcassets */; };
		7F12A6A71C436DED00E0AA13 /* LaunchScreen.storyboard in Resources */ = {isa = PBXBuildFile; fileRef = 7F12A6A51C436DED00E0AA13 /* LaunchScreen.storyboard */; };
		7F12A6B21C436DED00E0AA13 /* iOS_WP_OAuthTests.swift in Sources */ = {isa = PBXBuildFile; fileRef = 7F12A6B11C436DED00E0AA13 /* iOS_WP_OAuthTests.swift */; };
		7F12A6BD1C436DEE00E0AA13 /* iOS_WP_OAuthUITests.swift in Sources */ = {isa = PBXBuildFile; fileRef = 7F12A6BC1C436DEE00E0AA13 /* iOS_WP_OAuthUITests.swift */; };
/* End PBXBuildFile section */

/* Begin PBXContainerItemProxy section */
		7F12A6AE1C436DED00E0AA13 /* PBXContainerItemProxy */ = {
			isa = PBXContainerItemProxy;
			containerPortal = 7F12A6911C436DED00E0AA13 /* Project object */;
			proxyType = 1;
			remoteGlobalIDString = 7F12A6981C436DED00E0AA13;
			remoteInfo = "iOS WP OAuth";
		};
		7F12A6B91C436DEE00E0AA13 /* PBXContainerItemProxy */ = {
			isa = PBXContainerItemProxy;
			containerPortal = 7F12A6911C436DED00E0AA13 /* Project object */;
			proxyType = 1;
			remoteGlobalIDString = 7F12A6981C436DED00E0AA13;
			remoteInfo = "iOS WP OAuth";
		};
/* End PBXContainerItemProxy section */

/* Begin PBXFileReference section */
		7F12A6991C436DED00E0AA13 /* iOS WP OAuth.app */ = {isa = PBXFileReference; explicitFileType = wrapper.application; includeInIndex = 0; path = "iOS WP OAuth.app"; sourceTree = BUILT_PRODUCTS_DIR; };
		7F12A69C1C436DED00E0AA13 /* AppDelegate.swift */ = {isa = PBXFileReference; lastKnownFileType = sourcecode.swift; path = AppDelegate.swift; sourceTree = "<group>"; };
		7F12A69E1C436DED00E0AA13 /* ViewController.swift */ = {isa = PBXFileReference; lastKnownFileType = sourcecode.swift; path = ViewController.swift; sourceTree = "<group>"; };
		7F12A6A11C436DED00E0AA13 /* Base */ = {isa = PBXFileReference; lastKnownFileType = file.storyboard; name = Base; path = Base.lproj/Main.storyboard; sourceTree = "<group>"; };
		7F12A6A31C436DED00E0AA13 /* Assets.xcassets */ = {isa = PBXFileReference; lastKnownFileType = folder.assetcatalog; path = Assets.xcassets; sourceTree = "<group>"; };
		7F12A6A61C436DED00E0AA13 /* Base */ = {isa = PBXFileReference; lastKnownFileType = file.storyboard; name = Base; path = Base.lproj/LaunchScreen.storyboard; sourceTree = "<group>"; };
		7F12A6A81C436DED00E0AA13 /* Info.plist */ = {isa = PBXFileReference; lastKnownFileType = text.plist.xml; path = Info.plist; sourceTree = "<group>"; };
		7F12A6AD1C436DED00E0AA13 /* iOS WP OAuthTests.xctest */ = {isa = PBXFileReference; explicitFileType = wrapper.cfbundle; includeInIndex = 0; path = "iOS WP OAuthTests.xctest"; sourceTree = BUILT_PRODUCTS_DIR; };
		7F12A6B11C436DED00E0AA13 /* iOS_WP_OAuthTests.swift */ = {isa = PBXFileReference; lastKnownFileType = sourcecode.swift; path = iOS_WP_OAuthTests.swift; sourceTree = "<group>"; };
		7F12A6B31C436DED00E0AA13 /* Info.plist */ = {isa = PBXFileReference; lastKnownFileType = text.plist.xml; path = Info.plist; sourceTree = "<group>"; };
		7F12A6B81C436DEE00E0AA13 /* iOS WP OAuthUITests.xctest */ = {isa = PBXFileReference; explicitFileType = wrapper.cfbundle; includeInIndex = 0; path = "iOS WP OAuthUITests.xctest"; sourceTree = BUILT_PRODUCTS_DIR; };
		7F12A6BC1C436DEE00E0AA13 /* iOS_WP_OAuthUITests.swift */ = {isa = PBXFileReference; lastKnownFileType = sourcecode.swift; path = iOS_WP_OAuthUITests.swift; sourceTree = "<group>"; };
		7F12A6BE1C436DEE00E0AA13 /* Info.plist */ = {isa = PBXFileReference; lastKnownFileType = text.plist.xml; path = Info.plist; sourceTree = "<group>"; };
/* End PBXFileReference section */

/* Begin PBXFrameworksBuildPhase section */
		7F12A6961C436DED00E0AA13 /* Frameworks */ = {
			isa = PBXFrameworksBuildPhase;
			buildActionMask = 2147483647;
			files = (
			);
			runOnlyForDeploymentPostprocessing = 0;
		};
		7F12A6AA1C436DED00E0AA13 /* Frameworks */ = {
			isa = PBXFrameworksBuildPhase;
			buildActionMask = 2147483647;
			files = (
			);
			runOnlyForDeploymentPostprocessing = 0;
		};
		7F12A6B51C436DEE00E0AA13 /* Frameworks */ = {
			isa = PBXFrameworksBuildPhase;
			buildActionMask = 2147483647;
			files = (
			);
			runOnlyForDeploymentPostprocessing = 0;
		};
/* End PBXFrameworksBuildPhase section */

/* Begin PBXGroup section */
		7F12A6901C436DED00E0AA13 = {
			isa = PBXGroup;
			children = (
				7F12A69B1C436DED00E0AA13 /* iOS WP OAuth */,
				7F12A6B01C436DED00E0AA13 /* iOS WP OAuthTests */,
				7F12A6BB1C436DEE00E0AA13 /* iOS WP OAuthUITests */,
				7F12A69A1C436DED00E0AA13 /* Products */,
			);
			sourceTree = "<group>";
		};
		7F12A69A1C436DED00E0AA13 /* Products */ = {
			isa = PBXGroup;
			children = (
				7F12A6991C436DED00E0AA13 /* iOS WP OAuth.app */,
				7F12A6AD1C436DED00E0AA13 /* iOS WP OAuthTests.xctest */,
				7F12A6B81C436DEE00E0AA13 /* iOS WP OAuthUITests.xctest */,
			);
			name = Products;
			sourceTree = "<group>";
		};
		7F12A69B1C436DED00E0AA13 /* iOS WP OAuth */ = {
			isa = PBXGroup;
			children = (
				7F12A69C1C436DED00E0AA13 /* AppDelegate.swift */,
				7F12A69E1C436DED00E0AA13 /* ViewController.swift */,
				7F12A6A01C436DED00E0AA13 /* Main.storyboard */,
				7F12A6A31C436DED00E0AA13 /* Assets.xcassets */,
				7F12A6A51C436DED00E0AA13 /* LaunchScreen.storyboard */,
				7F12A6A81C436DED00E0AA13 /* Info.plist */,
			);
			path = "iOS WP OAuth";
			sourceTree = "<group>";
		};
		7F12A6B01C436DED00E0AA13 /* iOS WP OAuthTests */ = {
			isa = PBXGroup;
			children = (
				7F12A6B11C436DED00E0AA13 /* iOS_WP_OAuthTests.swift */,
				7F12A6B31C436DED00E0AA13 /* Info.plist */,
			);
			path = "iOS WP OAuthTests";
			sourceTree = "<group>";
		};
		7F12A6BB1C436DEE00E0AA13 /* iOS WP OAuthUITests */ = {
			isa = PBXGroup;
			children = (
				7F12A6BC1C436DEE00E0AA13 /* iOS_WP_OAuthUITests.swift */,
				7F12A6BE1C436DEE00E0AA13 /* Info.plist */,
			);
			path = "iOS WP OAuthUITests";
			sourceTree = "<group>";
		};
/* End PBXGroup section */

/* Begin PBXNativeTarget section */
		7F12A6981C436DED00E0AA13 /* iOS WP OAuth */ = {
			isa = PBXNativeTarget;
			buildConfigurationList = 7F12A6C11C436DEE00E0AA13 /* Build configuration list for PBXNativeTarget "iOS WP OAuth" */;
			buildPhases = (
				7F12A6951C436DED00E0AA13 /* Sources */,
				7F12A6961C436DED00E0AA13 /* Frameworks */,
				7F12A6971C436DED00E0AA13 /* Resources */,
			);
			buildRules = (
			);
			dependencies = (
			);
			name = "iOS WP OAuth";
			productName = "iOS WP OAuth";
			productReference = 7F12A6991C436DED00E0AA13 /* iOS WP OAuth.app */;
			productType = "com.apple.product-type.application";
		};
		7F12A6AC1C436DED00E0AA13 /* iOS WP OAuthTests */ = {
			isa = PBXNativeTarget;
			buildConfigurationList = 7F12A6C41C436DEE00E0AA13 /* Build configuration list for PBXNativeTarget "iOS WP OAuthTests" */;
			buildPhases = (
				7F12A6A91C436DED00E0AA13 /* Sources */,
				7F12A6AA1C436DED00E0AA13 /* Frameworks */,
				7F12A6AB1C436DED00E0AA13 /* Resources */,
			);
			buildRules = (
			);
			dependencies = (
				7F12A6AF1C436DED00E0AA13 /* PBXTargetDependency */,
			);
			name = "iOS WP OAuthTests";
			productName = "iOS WP OAuthTests";
			productReference = 7F12A6AD1C436DED00E0AA13 /* iOS WP OAuthTests.xctest */;
			productType = "com.apple.product-type.bundle.unit-test";
		};
		7F12A6B71C436DEE00E0AA13 /* iOS WP OAuthUITests */ = {
			isa = PBXNativeTarget;
			buildConfigurationList = 7F12A6C71C436DEE00E0AA13 /* Build configuration list for PBXNativeTarget "iOS WP OAuthUITests" */;
			buildPhases = (
				7F12A6B41C436DEE00E0AA13 /* Sources */,
				7F12A6B51C436DEE00E0AA13 /* Frameworks */,
				7F12A6B61C436DEE00E0AA13 /* Resources */,
			);
			buildRules = (
			);
			dependencies = (
				7F12A6BA1C436DEE00E0AA13 /* PBXTargetDependency */,
			);
			name = "iOS WP OAuthUITests";
			productName = "iOS WP OAuthUITests";
			productReference = 7F12A6B81C436DEE00E0AA13 /* iOS WP OAuthUITests.xctest */;
			productType = "com.apple.product-type.bundle.ui-testing";
		};
/* End PBXNativeTarget section */

/* Begin PBXProject section */
		7F12A6911C436DED00E0AA13 /* Project object */ = {
			isa = PBXProject;
			attributes = {
				LastSwiftUpdateCheck = 0720;
				LastUpgradeCheck = 0720;
				ORGANIZATIONNAME = "wLc Designs";
				TargetAttributes = {
					7F12A6981C436DED00E0AA13 = {
						CreatedOnToolsVersion = 7.2;
					};
					7F12A6AC1C436DED00E0AA13 = {
						CreatedOnToolsVersion = 7.2;
						TestTargetID = 7F12A6981C436DED00E0AA13;
					};
					7F12A6B71C436DEE00E0AA13 = {
						CreatedOnToolsVersion = 7.2;
						TestTargetID = 7F12A6981C436DED00E0AA13;
					};
				};
			};
			buildConfigurationList = 7F12A6941C436DED00E0AA13 /* Build configuration list for PBXProject "iOS WP OAuth" */;
			compatibilityVersion = "Xcode 3.2";
			developmentRegion = English;
			hasScannedForEncodings = 0;
			knownRegions = (
				en,
				Base,
			);
			mainGroup = 7F12A6901C436DED00E0AA13;
			productRefGroup = 7F12A69A1C436DED00E0AA13 /* Products */;
			projectDirPath = "";
			projectRoot = "";
			targets = (
				7F12A6981C436DED00E0AA13 /* iOS WP OAuth */,
				7F12A6AC1C436DED00E0AA13 /* iOS WP OAuthTests */,
				7F12A6B71C436DEE00E0AA13 /* iOS WP OAuthUITests */,
			);
		};
/* End PBXProject section */

/* Begin PBXResourcesBuildPhase section */
		7F12A6971C436DED00E0AA13 /* Resources */ = {
			isa = PBXResourcesBuildPhase;
			buildActionMask = 2147483647;
			files = (
				7F12A6A71C436DED00E0AA13 /* LaunchScreen.storyboard in Resources */,
				7F12A6A41C436DED00E0AA13 /* Assets.xcassets in Resources */,
				7F12A6A21C436DED00E0AA13 /* Main.storyboard in Resources */,
			);
			runOnlyForDeploymentPostprocessing = 0;
		};
		7F12A6AB1C436DED00E0AA13 /* Resources */ = {
			isa = PBXResourcesBuildPhase;
			buildActionMask = 2147483647;
			files = (
			);
			runOnlyForDeploymentPostprocessing = 0;
		};
		7F12A6B61C436DEE00E0AA13 /* Resources */ = {
			isa = PBXResourcesBuildPhase;
			buildActionMask = 2147483647;
			files = (
			);
			runOnlyForDeploymentPostprocessing = 0;
		};
/* End PBXResourcesBuildPhase section */

/* Begin PBXSourcesBuildPhase section */
		7F12A6951C436DED00E0AA13 /* Sources */ = {
			isa = PBXSourcesBuildPhase;
			buildActionMask = 2147483647;
			files = (
				7F12A69F1C436DED00E0AA13 /* ViewController.swift in Sources */,
				7F12A69D1C436DED00E0AA13 /* AppDelegate.swift in Sources */,
			);
			runOnlyForDeploymentPostprocessing = 0;
		};
		7F12A6A91C436DED00E0AA13 /* Sources */ = {
			isa = PBXSourcesBuildPhase;
			buildActionMask = 2147483647;
			files = (
				7F12A6B21C436DED00E0AA13 /* iOS_WP_OAuthTests.swift in Sources */,
			);
			runOnlyForDeploymentPostprocessing = 0;
		};
		7F12A6B41C436DEE00E0AA13 /* Sources */ = {
			isa = PBXSourcesBuildPhase;
			buildActionMask = 2147483647;
			files = (
				7F12A6BD1C436DEE00E0AA13 /* iOS_WP_OAuthUITests.swift in Sources */,
			);
			runOnlyForDeploymentPostprocessing = 0;
		};
/* End PBXSourcesBuildPhase section */

/* Begin PBXTargetDependency section */
		7F12A6AF1C436DED00E0AA13 /* PBXTargetDependency */ = {
			isa = PBXTargetDependency;
			target = 7F12A6981C436DED00E0AA13 /* iOS WP OAuth */;
			targetProxy = 7F12A6AE1C436DED00E0AA13 /* PBXContainerItemProxy */;
		};
		7F12A6BA1C436DEE00E0AA13 /* PBXTargetDependency */ = {
			isa = PBXTargetDependency;
			target = 7F12A6981C436DED00E0AA13 /* iOS WP OAuth */;
			targetProxy = 7F12A6B91C436DEE00E0AA13 /* PBXContainerItemProxy */;
		};
/* End PBXTargetDependency section */

/* Begin PBXVariantGroup section */
		7F12A6A01C436DED00E0AA13 /* Main.storyboard */ = {
			isa = PBXVariantGroup;
			children = (
				7F12A6A11C436DED00E0AA13 /* Base */,
			);
			name = Main.storyboard;
			sourceTree = "<group>";
		};
		7F12A6A51C436DED00E0AA13 /* LaunchScreen.storyboard */ = {
			isa = PBXVariantGroup;
			children = (
				7F12A6A61C436DED00E0AA13 /* Base */,
			);
			name = LaunchScreen.storyboard;
			sourceTree = "<group>";
		};
/* End PBXVariantGroup section */

/* Begin XCBuildConfiguration section */
		7F12A6BF1C436DEE00E0AA13 /* Debug */ = {
			isa = XCBuildConfiguration;
			buildSettings = {
				ALWAYS_SEARCH_USER_PATHS = NO;
				CLANG_CXX_LANGUAGE_STANDARD = "gnu++0x";
				CLANG_CXX_LIBRARY = "libc++";
				CLANG_ENABLE_MODULES = YES;
				CLANG_ENABLE_OBJC_ARC = YES;
				CLANG_WARN_BOOL_CONVERSION = YES;
				CLANG_WARN_CONSTANT_CONVERSION = YES;
				CLANG_WARN_DIRECT_OBJC_ISA_USAGE = YES_ERROR;
				CLANG_WARN_EMPTY_BODY = YES;
				CLANG_WARN_ENUM_CONVERSION = YES;
				CLANG_WARN_INT_CONVERSION = YES;
				CLANG_WARN_OBJC_ROOT_CLASS = YES_ERROR;
				CLANG_WARN_UNREACHABLE_CODE = YES;
				CLANG_WARN__DUPLICATE_METHOD_MATCH = YES;
				"CODE_SIGN_IDENTITY[sdk=iphoneos*]" = "iPhone Developer";
				COPY_PHASE_STRIP = NO;
				DEBUG_INFORMATION_FORMAT = dwarf;
				ENABLE_STRICT_OBJC_MSGSEND = YES;
				ENABLE_TESTABILITY = YES;
				GCC_C_LANGUAGE_STANDARD = gnu99;
				GCC_DYNAMIC_NO_PIC = NO;
				GCC_NO_COMMON_BLOCKS = YES;
				GCC_OPTIMIZATION_LEVEL = 0;
				GCC_PREPROCESSOR_DEFINITIONS = (
					"DEBUG=1",
					"$(inherited)",
				);
				GCC_WARN_64_TO_32_BIT_CONVERSION = YES;
				GCC_WARN_ABOUT_RETURN_TYPE = YES_ERROR;
				GCC_WARN_UNDECLARED_SELECTOR = YES;
				GCC_WARN_UNINITIALIZED_AUTOS = YES_AGGRESSIVE;
				GCC_WARN_UNUSED_FUNCTION = YES;
				GCC_WARN_UNUSED_VARIABLE = YES;
				IPHONEOS_DEPLOYMENT_TARGET = 9.2;
				MTL_ENABLE_DEBUG_INFO = YES;
				ONLY_ACTIVE_ARCH = YES;
				SDKROOT = iphoneos;
				SWIFT_OPTIMIZATION_LEVEL = "-Onone";
			};
			name = Debug;
		};
		7F12A6C01C436DEE00E0AA13 /* Release */ = {
			isa = XCBuildConfiguration;
			buildSettings = {
				ALWAYS_SEARCH_USER_PATHS = NO;
				CLANG_CXX_LANGUAGE_STANDARD = "gnu++0x";
				CLANG_CXX_LIBRARY = "libc++";
				CLANG_ENABLE_MODULES = YES;
				CLANG_ENABLE_OBJC_ARC = YES;
				CLANG_WARN_BOOL_CONVERSION = YES;
				CLANG_WARN_CONSTANT_CONVERSION = YES;
				CLANG_WARN_DIRECT_OBJC_ISA_USAGE = YES_ERROR;
				CLANG_WARN_EMPTY_BODY = YES;
				CLANG_WARN_ENUM_CONVERSION = YES;
				CLANG_WARN_INT_CONVERSION = YES;
				CLANG_WARN_OBJC_ROOT_CLASS = YES_ERROR;
				CLANG_WARN_UNREACHABLE_CODE = YES;
				CLANG_WARN__DUPLICATE_METHOD_MATCH = YES;
				"CODE_SIGN_IDENTITY[sdk=iphoneos*]" = "iPhone Developer";
				COPY_PHASE_STRIP = NO;
				DEBUG_INFORMATION_FORMAT = "dwarf-with-dsym";
				ENABLE_NS_ASSERTIONS = NO;
				ENABLE_STRICT_OBJC_MSGSEND = YES;
				GCC_C_LANGUAGE_STANDARD = gnu99;
				GCC_NO_COMMON_BLOCKS = YES;
				GCC_WARN_64_TO_32_BIT_CONVERSION = YES;
				GCC_WARN_ABOUT_RETURN_TYPE = YES_ERROR;
				GCC_WARN_UNDECLARED_SELECTOR = YES;
				GCC_WARN_UNINITIALIZED_AUTOS = YES_AGGRESSIVE;
				GCC_WARN_UNUSED_FUNCTION = YES;
				GCC_WARN_UNUSED_VARIABLE = YES;
				IPHONEOS_DEPLOYMENT_TARGET = 9.2;
				MTL_ENABLE_DEBUG_INFO = NO;
				SDKROOT = iphoneos;
				VALIDATE_PRODUCT = YES;
			};
			name = Release;
		};
		7F12A6C21C436DEE00E0AA13 /* Debug */ = {
			isa = XCBuildConfiguration;
			buildSettings = {
				ASSETCATALOG_COMPILER_APPICON_NAME = AppIcon;
				INFOPLIST_FILE = "iOS WP OAuth/Info.plist";
				LD_RUNPATH_SEARCH_PATHS = "$(inherited) @executable_path/Frameworks";
				PRODUCT_BUNDLE_IDENTIFIER = "com.wlcdesigns.iOS-WP-OAuth";
				PRODUCT_NAME = "$(TARGET_NAME)";
			};
			name = Debug;
		};
		7F12A6C31C436DEE00E0AA13 /* Release */ = {
			isa = XCBuildConfiguration;
			buildSettings = {
				ASSETCATALOG_COMPILER_APPICON_NAME = AppIcon;
				INFOPLIST_FILE = "iOS WP OAuth/Info.plist";
				LD_RUNPATH_SEARCH_PATHS = "$(inherited) @executable_path/Frameworks";
				PRODUCT_BUNDLE_IDENTIFIER = "com.wlcdesigns.iOS-WP-OAuth";
				PRODUCT_NAME = "$(TARGET_NAME)";
			};
			name = Release;
		};
		7F12A6C51C436DEE00E0AA13 /* Debug */ = {
			isa = XCBuildConfiguration;
			buildSettings = {
				BUNDLE_LOADER = "$(TEST_HOST)";
				INFOPLIST_FILE = "iOS WP OAuthTests/Info.plist";
				LD_RUNPATH_SEARCH_PATHS = "$(inherited) @executable_path/Frameworks @loader_path/Frameworks";
				PRODUCT_BUNDLE_IDENTIFIER = "com.wlcdesigns.iOS-WP-OAuthTests";
				PRODUCT_NAME = "$(TARGET_NAME)";
				TEST_HOST = "$(BUILT_PRODUCTS_DIR)/iOS WP OAuth.app/iOS WP OAuth";
			};
			name = Debug;
		};
		7F12A6C61C436DEE00E0AA13 /* Release */ = {
			isa = XCBuildConfiguration;
			buildSettings = {
				BUNDLE_LOADER = "$(TEST_HOST)";
				INFOPLIST_FILE = "iOS WP OAuthTests/Info.plist";
				LD_RUNPATH_SEARCH_PATHS = "$(inherited) @executable_path/Frameworks @loader_path/Frameworks";
				PRODUCT_BUNDLE_IDENTIFIER = "com.wlcdesigns.iOS-WP-OAuthTests";
				PRODUCT_NAME = "$(TARGET_NAME)";
				TEST_HOST = "$(BUILT_PRODUCTS_DIR)/iOS WP OAuth.app/iOS WP OAuth";
			};
			name = Release;
		};
		7F12A6C81C436DEE00E0AA13 /* Debug */ = {
			isa = XCBuildConfiguration;
			buildSettings = {
				INFOPLIST_FILE = "iOS WP OAuthUITests/Info.plist";
				LD_RUNPATH_SEARCH_PATHS = "$(inherited) @executable_path/Frameworks @loader_path/Frameworks";
				PRODUCT_BUNDLE_IDENTIFIER = "com.wlcdesigns.iOS-WP-OAuthUITests";
				PRODUCT_NAME = "$(TARGET_NAME)";
				TEST_TARGET_NAME = "iOS WP OAuth";
				USES_XCTRUNNER = YES;
			};
			name = Debug;
		};
		7F12A6C91C436DEE00E0AA13 /* Release */ = {
			isa = XCBuildConfiguration;
			buildSettings = {
				INFOPLIST_FILE = "iOS WP OAuthUITests/Info.plist";
				LD_RUNPATH_SEARCH_PATHS = "$(inherited) @executable_path/Frameworks @loader_path/Frameworks";
				PRODUCT_BUNDLE_IDENTIFIER = "com.wlcdesigns.iOS-WP-OAuthUITests";
				PRODUCT_NAME = "$(TARGET_NAME)";
				TEST_TARGET_NAME = "iOS WP OAuth";
				USES_XCTRUNNER = YES;
			};
			name = Release;
		};
/* End XCBuildConfiguration section */

/* Begin XCConfigurationList section */
		7F12A6941C436DED00E0AA13 /* Build configuration list for PBXProject "iOS WP OAuth" */ = {
			isa = XCConfigurationList;
			buildConfigurations = (
				7F12A6BF1C436DEE00E0AA13 /* Debug */,
				7F12A6C01C436DEE00E0AA13 /* Release */,
			);
			defaultConfigurationIsVisible = 0;
			defaultConfigurationName = Release;
		};
		7F12A6C11C436DEE00E0AA13 /* Build configuration list for PBXNativeTarget "iOS WP OAuth" */ = {
			isa = XCConfigurationList;
			buildConfigurations = (
				7F12A6C21C436DEE00E0AA13 /* Debug */,
				7F12A6C31C436DEE00E0AA13 /* Release */,
			);
			defaultConfigurationIsVisible = 0;
		};
		7F12A6C41C436DEE00E0AA13 /* Build configuration list for PBXNativeTarget "iOS WP OAuthTests" */ = {
			isa = XCConfigurationList;
			buildConfigurations = (
				7F12A6C51C436DEE00E0AA13 /* Debug */,
				7F12A6C61C436DEE00E0AA13 /* Release */,
			);
			defaultConfigurationIsVisible = 0;
		};
		7F12A6C71C436DEE00E0AA13 /* Build configuration list for PBXNativeTarget "iOS WP OAuthUITests" */ = {
			isa = XCConfigurationList;
			buildConfigurations = (
				7F12A6C81C436DEE00E0AA13 /* Debug */,
				7F12A6C91C436DEE00E0AA13 /* Release */,
			);
			defaultConfigurationIsVisible = 0;
		};
/* End XCConfigurationList section */
	};
	rootObject = 7F12A6911C436DED00E0AA13 /* Project object */;
}
